
Microsoft Visual Studio Solution File, Format Version 12.00
# Visual Studio Version 17
VisualStudioVersion = 17.3.32819.101
MinimumVisualStudioVersion = 10.0.40219.1
Project("{F184B08F-C81C-45F6-A57F-5ABD9991F28F}") = "operaciones basica pila vb", "operaciones basica pila vb\operaciones basica pila vb.vbproj", "{E31193DE-BA6B-44CA-9DB7-4F9D8C2BB68E}"
EndProject
Global
	GlobalSection(SolutionConfigurationPlatforms) = preSolution
		Debug|Any CPU = Debug|Any CPU
		Release|Any CPU = Release|Any CPU
	EndGlobalSection
	GlobalSection(ProjectConfigurationPlatforms) = postSolution
		{E31193DE-BA6B-44CA-9DB7-4F9D8C2BB68E}.Debug|Any CPU.ActiveCfg = Debug|Any CPU
		{E31193DE-BA6B-44CA-9DB7-4F9D8C2BB68E}.Debug|Any CPU.Build.0 = Debug|Any CPU
		{E31193DE-BA6B-44CA-9DB7-4F9D8C2BB68E}.Release|Any CPU.ActiveCfg = Release|Any CPU
		{E31193DE-BA6B-44CA-9DB7-4F9D8C2BB68E}.Release|Any CPU.Build.0 = Release|Any CPU
	EndGlobalSection
	GlobalSection(SolutionProperties) = preSolution
		HideSolutionNode = FALSE
	EndGlobalSection
	GlobalSection(ExtensibilityGlobals) = postSolution
		SolutionGuid = {7134BDE7-DDB3-42FC-88AE-AA6634860FEE}
	EndGlobalSection
EndGlobal
